# This file is autogenerated, do not edit; changes may be undone by the next 'dep ensure'.


[[projects]]
  name = "github.com/joho/godotenv"
  packages = ["."]
  revision = "726cc8b906e3d31c70a9671c90a13716a8d3f50d"
  version = "v1.1"

[[projects]]
  branch = "master"
  name = "github.com/sfreiberg/gotwilio"
  packages = ["."]
  revision = "58125ef28e4b5d7ab5328593099ae8cac5fcf6a2"

[solve-meta]
  analyzer-name = "dep"
  analyzer-version = 1
  inputs-digest = "811ed3ba3e62b3bafc76979079e6ac75145f9a27af9520323f5fde9b603ed6c5"
  solver-name = "gps-cdcl"
  solver-version = 1
